
Microsoft Visual Studio Solution File, Format Version 12.00
# Visual Studio Version 16
VisualStudioVersion = 16.0.31911.196
MinimumVisualStudioVersion = 10.0.40219.1
Project("{FAE04EC0-301F-11D3-BF4B-00C04F79EFBC}") = "LogicalProgramming", "LogicalProgramming\LogicalProgramming.csproj", "{111E5C7A-63D9-4AB6-B102-F41408364AC4}"
EndProject
Global
	GlobalSection(SolutionConfigurationPlatforms) = preSolution
		Debug|Any CPU = Debug|Any CPU
		Release|Any CPU = Release|Any CPU
	EndGlobalSection
	GlobalSection(ProjectConfigurationPlatforms) = postSolution
		{111E5C7A-63D9-4AB6-B102-F41408364AC4}.Debug|Any CPU.ActiveCfg = Debug|Any CPU
		{111E5C7A-63D9-4AB6-B102-F41408364AC4}.Debug|Any CPU.Build.0 = Debug|Any CPU
		{111E5C7A-63D9-4AB6-B102-F41408364AC4}.Release|Any CPU.ActiveCfg = Release|Any CPU
		{111E5C7A-63D9-4AB6-B102-F41408364AC4}.Release|Any CPU.Build.0 = Release|Any CPU
	EndGlobalSection
	GlobalSection(SolutionProperties) = preSolution
		HideSolutionNode = FALSE
	EndGlobalSection
	GlobalSection(ExtensibilityGlobals) = postSolution
		SolutionGuid = {3D72EC94-9094-473B-9827-9586695BA79E}
	EndGlobalSection
EndGlobal
